// !$*UTF8*$!
{
	archiveVersion = 1;
	classes = {
	};
	objectVersion = 50;
	objects = {

/* Begin PBXBuildFile section */
		1F7969F522900A8F00065F32 /* AppDelegate.m in Sources */ = {isa = PBXBuildFile; fileRef = 1F7969F422900A8F00065F32 /* AppDelegate.m */; };
		1F7969F822900A8F00065F32 /* ViewController.m in Sources */ = {isa = PBXBuildFile; fileRef = 1F7969F722900A8F00065F32 /* ViewController.m */; };
		1F7969FB22900A8F00065F32 /* Main.storyboard in Resources */ = {isa = PBXBuildFile; fileRef = 1F7969F922900A8F00065F32 /* Main.storyboard */; };
		1F7969FD22900A9100065F32 /* Assets.xcassets in Resources */ = {isa = PBXBuildFile; fileRef = 1F7969FC22900A9100065F32 /* Assets.xcassets */; };
		1F796A0022900A9100065F32 /* LaunchScreen.storyboard in Resources */ = {isa = PBXBuildFile; fileRef = 1F7969FE22900A9100065F32 /* LaunchScreen.storyboard */; };
		1F796A0322900A9100065F32 /* main.m in Sources */ = {isa = PBXBuildFile; fileRef = 1F796A0222900A9100065F32 /* main.m */; };
		1F796A0B22901BAA00065F32 /* ComplicatedView.m in Sources */ = {isa = PBXBuildFile; fileRef = 1F796A0A22901BAA00065F32 /* ComplicatedView.m */; };
/* End PBXBuildFile section */

/* Begin PBXFileReference section */
		1F7969F022900A8F00065F32 /* ViewTest123123.app */ = {isa = PBXFileReference; explicitFileType = wrapper.application; includeInIndex = 0; path = ViewTest123123.app; sourceTree = BUILT_PRODUCTS_DIR; };
		1F7969F322900A8F00065F32 /* AppDelegate.h */ = {isa = PBXFileReference; lastKnownFileType = sourcecode.c.h; path = AppDelegate.h; sourceTree = "<group>"; };
		1F7969F422900A8F00065F32 /* AppDelegate.m */ = {isa = PBXFileReference; lastKnownFileType = sourcecode.c.objc; path = AppDelegate.m; sourceTree = "<group>"; };
		1F7969F622900A8F00065F32 /* ViewController.h */ = {isa = PBXFileReference; lastKnownFileType = sourcecode.c.h; path = ViewController.h; sourceTree = "<group>"; };
		1F7969F722900A8F00065F32 /* ViewController.m */ = {isa = PBXFileReference; lastKnownFileType = sourcecode.c.objc; path = ViewController.m; sourceTree = "<group>"; };
		1F7969FA22900A8F00065F32 /* Base */ = {isa = PBXFileReference; lastKnownFileType = file.storyboard; name = Base; path = Base.lproj/Main.storyboard; sourceTree = "<group>"; };
		1F7969FC22900A9100065F32 /* Assets.xcassets */ = {isa = PBXFileReference; lastKnownFileType = folder.assetcatalog; path = Assets.xcassets; sourceTree = "<group>"; };
		1F7969FF22900A9100065F32 /* Base */ = {isa = PBXFileReference; lastKnownFileType = file.storyboard; name = Base; path = Base.lproj/LaunchScreen.storyboard; sourceTree = "<group>"; };
		1F796A0122900A9100065F32 /* Info.plist */ = {isa = PBXFileReference; lastKnownFileType = text.plist.xml; path = Info.plist; sourceTree = "<group>"; };
		1F796A0222900A9100065F32 /* main.m */ = {isa = PBXFileReference; lastKnownFileType = sourcecode.c.objc; path = main.m; sourceTree = "<group>"; };
		1F796A0922901BAA00065F32 /* ComplicatedView.h */ = {isa = PBXFileReference; lastKnownFileType = sourcecode.c.h; path = ComplicatedView.h; sourceTree = "<group>"; };
		1F796A0A22901BAA00065F32 /* ComplicatedView.m */ = {isa = PBXFileReference; lastKnownFileType = sourcecode.c.objc; path = ComplicatedView.m; sourceTree = "<group>"; };
/* End PBXFileReference section */

/* Begin PBXFrameworksBuildPhase section */
		1F7969ED22900A8F00065F32 /* Frameworks */ = {
			isa = PBXFrameworksBuildPhase;
			buildActionMask = 2147483647;
			files = (
			);
			runOnlyForDeploymentPostprocessing = 0;
		};
/* End PBXFrameworksBuildPhase section */

/* Begin PBXGroup section */
		1F7969E722900A8F00065F32 = {
			isa = PBXGroup;
			children = (
				1F7969F222900A8F00065F32 /* ViewTest123123 */,
				1F7969F122900A8F00065F32 /* Products */,
			);
			sourceTree = "<group>";
		};
		1F7969F122900A8F00065F32 /* Products */ = {
			isa = PBXGroup;
			children = (
				1F7969F022900A8F00065F32 /* ViewTest123123.app */,
			);
			name = Products;
			sourceTree = "<group>";
		};
		1F7969F222900A8F00065F32 /* ViewTest123123 */ = {
			isa = PBXGroup;
			children = (
				1F7969F322900A8F00065F32 /* AppDelegate.h */,
				1F7969F422900A8F00065F32 /* AppDelegate.m */,
				1F7969F622900A8F00065F32 /* ViewController.h */,
				1F7969F722900A8F00065F32 /* ViewController.m */,
				1F796A0922901BAA00065F32 /* ComplicatedView.h */,
				1F796A0A22901BAA00065F32 /* ComplicatedView.m */,
				1F7969F922900A8F00065F32 /* Main.storyboard */,
				1F7969FC22900A9100065F32 /* Assets.xcassets */,
				1F7969FE22900A9100065F32 /* LaunchScreen.storyboard */,
				1F796A0122900A9100065F32 /* Info.plist */,
				1F796A0222900A9100065F32 /* main.m */,
			);
			path = ViewTest123123;
			sourceTree = "<group>";
		};
/* End PBXGroup section */

/* Begin PBXNativeTarget section */
		1F7969EF22900A8F00065F32 /* ViewTest123123 */ = {
			isa = PBXNativeTarget;
			buildConfigurationList = 1F796A0622900A9100065F32 /* Build configuration list for PBXNativeTarget "ViewTest123123" */;
			buildPhases = (
				1F7969EC22900A8F00065F32 /* Sources */,
				1F7969ED22900A8F00065F32 /* Frameworks */,
				1F7969EE22900A8F00065F32 /* Resources */,
			);
			buildRules = (
			);
			dependencies = (
			);
			name = ViewTest123123;
			productName = ViewTest123123;
			productReference = 1F7969F022900A8F00065F32 /* ViewTest123123.app */;
			productType = "com.apple.product-type.application";
		};
/* End PBXNativeTarget section */

/* Begin PBXProject section */
		1F7969E822900A8F00065F32 /* Project object */ = {
			isa = PBXProject;
			attributes = {
				LastUpgradeCheck = 1020;
				ORGANIZATIONNAME = "Alexey Levanov";
				TargetAttributes = {
					1F7969EF22900A8F00065F32 = {
						CreatedOnToolsVersion = 10.2.1;
					};
				};
			};
			buildConfigurationList = 1F7969EB22900A8F00065F32 /* Build configuration list for PBXProject "ViewTest123123" */;
			compatibilityVersion = "Xcode 9.3";
			developmentRegion = en;
			hasScannedForEncodings = 0;
			knownRegions = (
				en,
				Base,
			);
			mainGroup = 1F7969E722900A8F00065F32;
			productRefGroup = 1F7969F122900A8F00065F32 /* Products */;
			projectDirPath = "";
			projectRoot = "";
			targets = (
				1F7969EF22900A8F00065F32 /* ViewTest123123 */,
			);
		};
/* End PBXProject section */

/* Begin PBXResourcesBuildPhase section */
		1F7969EE22900A8F00065F32 /* Resources */ = {
			isa = PBXResourcesBuildPhase;
			buildActionMask = 2147483647;
			files = (
				1F796A0022900A9100065F32 /* LaunchScreen.storyboard in Resources */,
				1F7969FD22900A9100065F32 /* Assets.xcassets in Resources */,
				1F7969FB22900A8F00065F32 /* Main.storyboard in Resources */,
			);
			runOnlyForDeploymentPostprocessing = 0;
		};
/* End PBXResourcesBuildPhase section */

/* Begin PBXSourcesBuildPhase section */
		1F7969EC22900A8F00065F32 /* Sources */ = {
			isa = PBXSourcesBuildPhase;
			buildActionMask = 2147483647;
			files = (
				1F796A0B22901BAA00065F32 /* ComplicatedView.m in Sources */,
				1F7969F822900A8F00065F32 /* ViewController.m in Sources */,
				1F796A0322900A9100065F32 /* main.m in Sources */,
				1F7969F522900A8F00065F32 /* AppDelegate.m in Sources */,
			);
			runOnlyForDeploymentPostprocessing = 0;
		};
/* End PBXSourcesBuildPhase section */

/* Begin PBXVariantGroup section */
		1F7969F922900A8F00065F32 /* Main.storyboard */ = {
			isa = PBXVariantGroup;
			children = (
				1F7969FA22900A8F00065F32 /* Base */,
			);
			name = Main.storyboard;
			sourceTree = "<group>";
		};
		1F7969FE22900A9100065F32 /* LaunchScreen.storyboard */ = {
			isa = PBXVariantGroup;
			children = (
				1F7969FF22900A9100065F32 /* Base */,
			);
			name = LaunchScreen.storyboard;
			sourceTree = "<group>";
		};
/* End PBXVariantGroup section */

/* Begin XCBuildConfiguration section */
		1F796A0422900A9100065F32 /* Debug */ = {
			isa = XCBuildConfiguration;
			buildSettings = {
				ALWAYS_SEARCH_USER_PATHS = NO;
				CLANG_ANALYZER_NONNULL = YES;
				CLANG_ANALYZER_NUMBER_OBJECT_CONVERSION = YES_AGGRESSIVE;
				CLANG_CXX_LANGUAGE_STANDARD = "gnu++14";
				CLANG_CXX_LIBRARY = "libc++";
				CLANG_ENABLE_MODULES = YES;
				CLANG_ENABLE_OBJC_ARC = YES;
				CLANG_ENABLE_OBJC_WEAK = YES;
				CLANG_WARN_BLOCK_CAPTURE_AUTORELEASING = YES;
				CLANG_WARN_BOOL_CONVERSION = YES;
				CLANG_WARN_COMMA = YES;
				CLANG_WARN_CONSTANT_CONVERSION = YES;
				CLANG_WARN_DEPRECATED_OBJC_IMPLEMENTATIONS = YES;
				CLANG_WARN_DIRECT_OBJC_ISA_USAGE = YES_ERROR;
				CLANG_WARN_DOCUMENTATION_COMMENTS = YES;
				CLANG_WARN_EMPTY_BODY = YES;
				CLANG_WARN_ENUM_CONVERSION = YES;
				CLANG_WARN_INFINITE_RECURSION = YES;
				CLANG_WARN_INT_CONVERSION = YES;
				CLANG_WARN_NON_LITERAL_NULL_CONVERSION = YES;
				CLANG_WARN_OBJC_IMPLICIT_RETAIN_SELF = YES;
				CLANG_WARN_OBJC_LITERAL_CONVERSION = YES;
				CLANG_WARN_OBJC_ROOT_CLASS = YES_ERROR;
				CLANG_WARN_RANGE_LOOP_ANALYSIS = YES;
				CLANG_WARN_STRICT_PROTOTYPES = YES;
				CLANG_WARN_SUSPICIOUS_MOVE = YES;
				CLANG_WARN_UNGUARDED_AVAILABILITY = YES_AGGRESSIVE;
				CLANG_WARN_UNREACHABLE_CODE = YES;
				CLANG_WARN__DUPLICATE_METHOD_MATCH = YES;
				CODE_SIGN_IDENTITY = "iPhone Developer";
				COPY_PHASE_STRIP = NO;
				DEBUG_INFORMATION_FORMAT = dwarf;
				ENABLE_STRICT_OBJC_MSGSEND = YES;
				ENABLE_TESTABILITY = YES;
				GCC_C_LANGUAGE_STANDARD = gnu11;
				GCC_DYNAMIC_NO_PIC = NO;
				GCC_NO_COMMON_BLOCKS = YES;
				GCC_OPTIMIZATION_LEVEL = 0;
				GCC_PREPROCESSOR_DEFINITIONS = (
					"DEBUG=1",
					"$(inherited)",
				);
				GCC_WARN_64_TO_32_BIT_CONVERSION = YES;
				GCC_WARN_ABOUT_RETURN_TYPE = YES_ERROR;
				GCC_WARN_UNDECLARED_SELECTOR = YES;
				GCC_WARN_UNINITIALIZED_AUTOS = YES_AGGRESSIVE;
				GCC_WARN_UNUSED_FUNCTION = YES;
				GCC_WARN_UNUSED_VARIABLE = YES;
				IPHONEOS_DEPLOYMENT_TARGET = 12.2;
				MTL_ENABLE_DEBUG_INFO = INCLUDE_SOURCE;
				MTL_FAST_MATH = YES;
				ONLY_ACTIVE_ARCH = YES;
				SDKROOT = iphoneos;
			};
			name = Debug;
		};
		1F796A0522900A9100065F32 /* Release */ = {
			isa = XCBuildConfiguration;
			buildSettings = {
				ALWAYS_SEARCH_USER_PATHS = NO;
				CLANG_ANALYZER_NONNULL = YES;
				CLANG_ANALYZER_NUMBER_OBJECT_CONVERSION = YES_AGGRESSIVE;
				CLANG_CXX_LANGUAGE_STANDARD = "gnu++14";
				CLANG_CXX_LIBRARY = "libc++";
				CLANG_ENABLE_MODULES = YES;
				CLANG_ENABLE_OBJC_ARC = YES;
				CLANG_ENABLE_OBJC_WEAK = YES;
				CLANG_WARN_BLOCK_CAPTURE_AUTORELEASING = YES;
				CLANG_WARN_BOOL_CONVERSION = YES;
				CLANG_WARN_COMMA = YES;
				CLANG_WARN_CONSTANT_CONVERSION = YES;
				CLANG_WARN_DEPRECATED_OBJC_IMPLEMENTATIONS = YES;
				CLANG_WARN_DIRECT_OBJC_ISA_USAGE = YES_ERROR;
				CLANG_WARN_DOCUMENTATION_COMMENTS = YES;
				CLANG_WARN_EMPTY_BODY = YES;
				CLANG_WARN_ENUM_CONVERSION = YES;
				CLANG_WARN_INFINITE_RECURSION = YES;
				CLANG_WARN_INT_CONVERSION = YES;
				CLANG_WARN_NON_LITERAL_NULL_CONVERSION = YES;
				CLANG_WARN_OBJC_IMPLICIT_RETAIN_SELF = YES;
				CLANG_WARN_OBJC_LITERAL_CONVERSION = YES;
				CLANG_WARN_OBJC_ROOT_CLASS = YES_ERROR;
				CLANG_WARN_RANGE_LOOP_ANALYSIS = YES;
				CLANG_WARN_STRICT_PROTOTYPES = YES;
				CLANG_WARN_SUSPICIOUS_MOVE = YES;
				CLANG_WARN_UNGUARDED_AVAILABILITY = YES_AGGRESSIVE;
				CLANG_WARN_UNREACHABLE_CODE = YES;
				CLANG_WARN__DUPLICATE_METHOD_MATCH = YES;
				CODE_SIGN_IDENTITY = "iPhone Developer";
				COPY_PHASE_STRIP = NO;
				DEBUG_INFORMATION_FORMAT = "dwarf-with-dsym";
				ENABLE_NS_ASSERTIONS = NO;
				ENABLE_STRICT_OBJC_MSGSEND = YES;
				GCC_C_LANGUAGE_STANDARD = gnu11;
				GCC_NO_COMMON_BLOCKS = YES;
				GCC_WARN_64_TO_32_BIT_CONVERSION = YES;
				GCC_WARN_ABOUT_RETURN_TYPE = YES_ERROR;
				GCC_WARN_UNDECLARED_SELECTOR = YES;
				GCC_WARN_UNINITIALIZED_AUTOS = YES_AGGRESSIVE;
				GCC_WARN_UNUSED_FUNCTION = YES;
				GCC_WARN_UNUSED_VARIABLE = YES;
				IPHONEOS_DEPLOYMENT_TARGET = 12.2;
				MTL_ENABLE_DEBUG_INFO = NO;
				MTL_FAST_MATH = YES;
				SDKROOT = iphoneos;
				VALIDATE_PRODUCT = YES;
			};
			name = Release;
		};
		1F796A0722900A9100065F32 /* Debug */ = {
			isa = XCBuildConfiguration;
			buildSettings = {
				ASSETCATALOG_COMPILER_APPICON_NAME = AppIcon;
				CODE_SIGN_STYLE = Automatic;
				DEVELOPMENT_TEAM = 2937G8HQQ5;
				INFOPLIST_FILE = ViewTest123123/Info.plist;
				LD_RUNPATH_SEARCH_PATHS = (
					"$(inherited)",
					"@executable_path/Frameworks",
				);
				PRODUCT_BUNDLE_IDENTIFIER = Studio45.ViewTest123123;
				PRODUCT_NAME = "$(TARGET_NAME)";
				TARGETED_DEVICE_FAMILY = "1,2";
			};
			name = Debug;
		};
		1F796A0822900A9100065F32 /* Release */ = {
			isa = XCBuildConfiguration;
			buildSettings = {
				ASSETCATALOG_COMPILER_APPICON_NAME = AppIcon;
				CODE_SIGN_STYLE = Automatic;
				DEVELOPMENT_TEAM = 2937G8HQQ5;
				INFOPLIST_FILE = ViewTest123123/Info.plist;
				LD_RUNPATH_SEARCH_PATHS = (
					"$(inherited)",
					"@executable_path/Frameworks",
				);
				PRODUCT_BUNDLE_IDENTIFIER = Studio45.ViewTest123123;
				PRODUCT_NAME = "$(TARGET_NAME)";
				TARGETED_DEVICE_FAMILY = "1,2";
			};
			name = Release;
		};
/* End XCBuildConfiguration section */

/* Begin XCConfigurationList section */
		1F7969EB22900A8F00065F32 /* Build configuration list for PBXProject "ViewTest123123" */ = {
			isa = XCConfigurationList;
			buildConfigurations = (
				1F796A0422900A9100065F32 /* Debug */,
				1F796A0522900A9100065F32 /* Release */,
			);
			defaultConfigurationIsVisible = 0;
			defaultConfigurationName = Release;
		};
		1F796A0622900A9100065F32 /* Build configuration list for PBXNativeTarget "ViewTest123123" */ = {
			isa = XCConfigurationList;
			buildConfigurations = (
				1F796A0722900A9100065F32 /* Debug */,
				1F796A0822900A9100065F32 /* Release */,
			);
			defaultConfigurationIsVisible = 0;
			defaultConfigurationName = Release;
		};
/* End XCConfigurationList section */
	};
	rootObject = 1F7969E822900A8F00065F32 /* Project object */;
}
